PODS:
  - Nimble (7.0.1)
  - Quick (1.1.0)
  - RxSwift (4.1.1)

DEPENDENCIES:
  - Nimble
  - Quick
  - RxSwift (~> 4.0)

SPEC CHECKSUMS:
  Nimble: 657d000e11df8aebe27cdaf9d244de7f30ed87f7
  Quick: dafc587e21eed9f4cab3249b9f9015b0b7a7f71d
  RxSwift: c6e3b1c7b325c7d121cd4327e9d98b7ed746b570

PODFILE CHECKSUM: c551b83f80c136c6a2452ed2bb38009e2efcfd86

COCOAPODS: 1.4.0
