PODS:
  - Nimble (7.0.1)
  - Quick (1.1.0)
  - RxSwift (3.6.1)

DEPENDENCIES:
  - Nimble
  - Quick
  - RxSwift

SPEC CHECKSUMS:
  Nimble: 657d000e11df8aebe27cdaf9d244de7f30ed87f7
  Quick: dafc587e21eed9f4cab3249b9f9015b0b7a7f71d
  RxSwift: f9de85ea20cd2f7716ee5409fc13523dc638e4e4

PODFILE CHECKSUM: bb7bc230093f04e103c79eb9177d0e18aa38cc97

COCOAPODS: 1.2.1
