// !$*UTF8*$!
{
	archiveVersion = 1;
	classes = {
	};
	objectVersion = 48;
	objects = {

/* Begin PBXBuildFile section */
		2563099CAF00EDCE3D427DA4 /* Pods_SwiftyNetwork.framework in Frameworks */ = {isa = PBXBuildFile; fileRef = C2A822F63AF32A8B44B1D0CD /* Pods_SwiftyNetwork.framework */; };
		2BE72B04A49607A85FECAB49 /* Pods_SwiftyNetworkTests.framework in Frameworks */ = {isa = PBXBuildFile; fileRef = 575638FB9DC744080D759D31 /* Pods_SwiftyNetworkTests.framework */; };
		D54857871F4FA22500CB25EB /* URLSessionSpecs.swift in Sources */ = {isa = PBXBuildFile; fileRef = D54857861F4FA22500CB25EB /* URLSessionSpecs.swift */; };
		D54B58531F4E244400E8ACB4 /* Resource.swift in Sources */ = {isa = PBXBuildFile; fileRef = D54B58501F4E23FB00E8ACB4 /* Resource.swift */; };
		D54B58541F4E244B00E8ACB4 /* Body.swift in Sources */ = {isa = PBXBuildFile; fileRef = D54B584F1F4E23FB00E8ACB4 /* Body.swift */; };
		D54B58551F4E244B00E8ACB4 /* URLRequest+Body.swift in Sources */ = {isa = PBXBuildFile; fileRef = D54B58511F4E23FB00E8ACB4 /* URLRequest+Body.swift */; };
		D54B58561F4E244B00E8ACB4 /* URLSession+Body.swift in Sources */ = {isa = PBXBuildFile; fileRef = D54B58521F4E23FB00E8ACB4 /* URLSession+Body.swift */; };
		D551F7811F4E0B5400558961 /* SwiftyNetwork.framework in Frameworks */ = {isa = PBXBuildFile; fileRef = D551F7771F4E0B5400558961 /* SwiftyNetwork.framework */; };
		D551F7861F4E0B5400558961 /* BodySpecs.swift in Sources */ = {isa = PBXBuildFile; fileRef = D551F7851F4E0B5400558961 /* BodySpecs.swift */; };
		D551F7881F4E0B5400558961 /* SwiftyNetwork.h in Headers */ = {isa = PBXBuildFile; fileRef = D551F77A1F4E0B5400558961 /* SwiftyNetwork.h */; settings = {ATTRIBUTES = (Public, ); }; };
		D58934051F4FA11E005937DC /* mock.json in Resources */ = {isa = PBXBuildFile; fileRef = D58934041F4FA11E005937DC /* mock.json */; };
		D58934071F4FA187005937DC /* RemoteMock.swift in Sources */ = {isa = PBXBuildFile; fileRef = D58934061F4FA187005937DC /* RemoteMock.swift */; };
		D5BDCC671F4E413C00653CD4 /* blank.pdf in Resources */ = {isa = PBXBuildFile; fileRef = D5BDCC661F4E3FDB00653CD4 /* blank.pdf */; };
		D5BDCC681F4E413C00653CD4 /* kittenjpg.jpg in Resources */ = {isa = PBXBuildFile; fileRef = D5BDCC651F4E3FDB00653CD4 /* kittenjpg.jpg */; };
		D5BDCC691F4E413C00653CD4 /* kittenpng.png in Resources */ = {isa = PBXBuildFile; fileRef = D5BDCC641F4E3FDB00653CD4 /* kittenpng.png */; };
		D5BDCC6B1F4E427100653CD4 /* ResourceSpecs.swift in Sources */ = {isa = PBXBuildFile; fileRef = D5BDCC6A1F4E427100653CD4 /* ResourceSpecs.swift */; };
		D5BDCC6F1F4E44DB00653CD4 /* URLRequestSpecs.swift in Sources */ = {isa = PBXBuildFile; fileRef = D5BDCC6E1F4E44DB00653CD4 /* URLRequestSpecs.swift */; };
		D5BDCC711F4E456600653CD4 /* MockData.swift in Sources */ = {isa = PBXBuildFile; fileRef = D5BDCC701F4E456600653CD4 /* MockData.swift */; };
		D5E254A91F517E7D007CE371 /* RxBackgroundTask.swift in Sources */ = {isa = PBXBuildFile; fileRef = D54B588B1F4E36CD00E8ACB4 /* RxBackgroundTask.swift */; };
		D5E254AA1F517E7D007CE371 /* URLSession+Body+Rx.swift in Sources */ = {isa = PBXBuildFile; fileRef = D54B588C1F4E36CD00E8ACB4 /* URLSession+Body+Rx.swift */; };
/* End PBXBuildFile section */

/* Begin PBXContainerItemProxy section */
		D551F7821F4E0B5400558961 /* PBXContainerItemProxy */ = {
			isa = PBXContainerItemProxy;
			containerPortal = D551F76E1F4E0B5400558961 /* Project object */;
			proxyType = 1;
			remoteGlobalIDString = D551F7761F4E0B5400558961;
			remoteInfo = SwiftyNetwork;
		};
/* End PBXContainerItemProxy section */

/* Begin PBXFileReference section */
		142E7DEBC5FBDEFF8B72338E /* Pods-SwiftyNetwork.debug.xcconfig */ = {isa = PBXFileReference; includeInIndex = 1; lastKnownFileType = text.xcconfig; name = "Pods-SwiftyNetwork.debug.xcconfig"; path = "Pods/Target Support Files/Pods-SwiftyNetwork/Pods-SwiftyNetwork.debug.xcconfig"; sourceTree = "<group>"; };
		20B4A5209A7EBC325337F3AB /* Pods-SwiftyNetworkTests.debug.xcconfig */ = {isa = PBXFileReference; includeInIndex = 1; lastKnownFileType = text.xcconfig; name = "Pods-SwiftyNetworkTests.debug.xcconfig"; path = "Pods/Target Support Files/Pods-SwiftyNetworkTests/Pods-SwiftyNetworkTests.debug.xcconfig"; sourceTree = "<group>"; };
		575638FB9DC744080D759D31 /* Pods_SwiftyNetworkTests.framework */ = {isa = PBXFileReference; explicitFileType = wrapper.framework; includeInIndex = 0; path = Pods_SwiftyNetworkTests.framework; sourceTree = BUILT_PRODUCTS_DIR; };
		812B40059974054D477E4E53 /* Pods-SwiftyNetworkTests.release.xcconfig */ = {isa = PBXFileReference; includeInIndex = 1; lastKnownFileType = text.xcconfig; name = "Pods-SwiftyNetworkTests.release.xcconfig"; path = "Pods/Target Support Files/Pods-SwiftyNetworkTests/Pods-SwiftyNetworkTests.release.xcconfig"; sourceTree = "<group>"; };
		C2A822F63AF32A8B44B1D0CD /* Pods_SwiftyNetwork.framework */ = {isa = PBXFileReference; explicitFileType = wrapper.framework; includeInIndex = 0; path = Pods_SwiftyNetwork.framework; sourceTree = BUILT_PRODUCTS_DIR; };
		D54857861F4FA22500CB25EB /* URLSessionSpecs.swift */ = {isa = PBXFileReference; lastKnownFileType = sourcecode.swift; path = URLSessionSpecs.swift; sourceTree = "<group>"; };
		D54B584F1F4E23FB00E8ACB4 /* Body.swift */ = {isa = PBXFileReference; lastKnownFileType = sourcecode.swift; path = Body.swift; sourceTree = "<group>"; };
		D54B58501F4E23FB00E8ACB4 /* Resource.swift */ = {isa = PBXFileReference; lastKnownFileType = sourcecode.swift; path = Resource.swift; sourceTree = "<group>"; };
		D54B58511F4E23FB00E8ACB4 /* URLRequest+Body.swift */ = {isa = PBXFileReference; lastKnownFileType = sourcecode.swift; path = "URLRequest+Body.swift"; sourceTree = "<group>"; };
		D54B58521F4E23FB00E8ACB4 /* URLSession+Body.swift */ = {isa = PBXFileReference; lastKnownFileType = sourcecode.swift; path = "URLSession+Body.swift"; sourceTree = "<group>"; };
		D54B585C1F4E2FD300E8ACB4 /* SwiftyNetwork.podspec */ = {isa = PBXFileReference; lastKnownFileType = text; path = SwiftyNetwork.podspec; sourceTree = SOURCE_ROOT; };
		D54B588B1F4E36CD00E8ACB4 /* RxBackgroundTask.swift */ = {isa = PBXFileReference; lastKnownFileType = sourcecode.swift; path = RxBackgroundTask.swift; sourceTree = "<group>"; };
		D54B588C1F4E36CD00E8ACB4 /* URLSession+Body+Rx.swift */ = {isa = PBXFileReference; lastKnownFileType = sourcecode.swift; path = "URLSession+Body+Rx.swift"; sourceTree = "<group>"; };
		D551F7771F4E0B5400558961 /* SwiftyNetwork.framework */ = {isa = PBXFileReference; explicitFileType = wrapper.framework; includeInIndex = 0; path = SwiftyNetwork.framework; sourceTree = BUILT_PRODUCTS_DIR; };
		D551F77A1F4E0B5400558961 /* SwiftyNetwork.h */ = {isa = PBXFileReference; lastKnownFileType = sourcecode.c.h; path = SwiftyNetwork.h; sourceTree = "<group>"; };
		D551F77B1F4E0B5400558961 /* Info.plist */ = {isa = PBXFileReference; lastKnownFileType = text.plist.xml; path = Info.plist; sourceTree = "<group>"; };
		D551F7801F4E0B5400558961 /* SwiftyNetworkTests.xctest */ = {isa = PBXFileReference; explicitFileType = wrapper.cfbundle; includeInIndex = 0; path = SwiftyNetworkTests.xctest; sourceTree = BUILT_PRODUCTS_DIR; };
		D551F7851F4E0B5400558961 /* BodySpecs.swift */ = {isa = PBXFileReference; lastKnownFileType = sourcecode.swift; path = BodySpecs.swift; sourceTree = "<group>"; };
		D551F7871F4E0B5400558961 /* Info.plist */ = {isa = PBXFileReference; lastKnownFileType = text.plist.xml; path = Info.plist; sourceTree = "<group>"; };
		D58934041F4FA11E005937DC /* mock.json */ = {isa = PBXFileReference; lastKnownFileType = text.json; path = mock.json; sourceTree = "<group>"; };
		D58934061F4FA187005937DC /* RemoteMock.swift */ = {isa = PBXFileReference; lastKnownFileType = sourcecode.swift; path = RemoteMock.swift; sourceTree = "<group>"; };
		D5BDCC641F4E3FDB00653CD4 /* kittenpng.png */ = {isa = PBXFileReference; lastKnownFileType = image.png; path = kittenpng.png; sourceTree = "<group>"; };
		D5BDCC651F4E3FDB00653CD4 /* kittenjpg.jpg */ = {isa = PBXFileReference; lastKnownFileType = image.jpeg; path = kittenjpg.jpg; sourceTree = "<group>"; };
		D5BDCC661F4E3FDB00653CD4 /* blank.pdf */ = {isa = PBXFileReference; lastKnownFileType = image.pdf; path = blank.pdf; sourceTree = "<group>"; };
		D5BDCC6A1F4E427100653CD4 /* ResourceSpecs.swift */ = {isa = PBXFileReference; lastKnownFileType = sourcecode.swift; path = ResourceSpecs.swift; sourceTree = "<group>"; };
		D5BDCC6E1F4E44DB00653CD4 /* URLRequestSpecs.swift */ = {isa = PBXFileReference; lastKnownFileType = sourcecode.swift; path = URLRequestSpecs.swift; sourceTree = "<group>"; };
		D5BDCC701F4E456600653CD4 /* MockData.swift */ = {isa = PBXFileReference; lastKnownFileType = sourcecode.swift; path = MockData.swift; sourceTree = "<group>"; };
		F02DED685805DFF499B0EB64 /* Pods-SwiftyNetwork.release.xcconfig */ = {isa = PBXFileReference; includeInIndex = 1; lastKnownFileType = text.xcconfig; name = "Pods-SwiftyNetwork.release.xcconfig"; path = "Pods/Target Support Files/Pods-SwiftyNetwork/Pods-SwiftyNetwork.release.xcconfig"; sourceTree = "<group>"; };
/* End PBXFileReference section */

/* Begin PBXFrameworksBuildPhase section */
		D551F7731F4E0B5400558961 /* Frameworks */ = {
			isa = PBXFrameworksBuildPhase;
			buildActionMask = 2147483647;
			files = (
				2563099CAF00EDCE3D427DA4 /* Pods_SwiftyNetwork.framework in Frameworks */,
			);
			runOnlyForDeploymentPostprocessing = 0;
		};
		D551F77D1F4E0B5400558961 /* Frameworks */ = {
			isa = PBXFrameworksBuildPhase;
			buildActionMask = 2147483647;
			files = (
				D551F7811F4E0B5400558961 /* SwiftyNetwork.framework in Frameworks */,
				2BE72B04A49607A85FECAB49 /* Pods_SwiftyNetworkTests.framework in Frameworks */,
			);
			runOnlyForDeploymentPostprocessing = 0;
		};
/* End PBXFrameworksBuildPhase section */

/* Begin PBXGroup section */
		263486CC6AB1FDB607951B14 /* Pods */ = {
			isa = PBXGroup;
			children = (
				142E7DEBC5FBDEFF8B72338E /* Pods-SwiftyNetwork.debug.xcconfig */,
				F02DED685805DFF499B0EB64 /* Pods-SwiftyNetwork.release.xcconfig */,
				20B4A5209A7EBC325337F3AB /* Pods-SwiftyNetworkTests.debug.xcconfig */,
				812B40059974054D477E4E53 /* Pods-SwiftyNetworkTests.release.xcconfig */,
			);
			name = Pods;
			sourceTree = "<group>";
		};
		CBCC18825BD0F1F61ED08AAB /* Frameworks */ = {
			isa = PBXGroup;
			children = (
				C2A822F63AF32A8B44B1D0CD /* Pods_SwiftyNetwork.framework */,
				575638FB9DC744080D759D31 /* Pods_SwiftyNetworkTests.framework */,
			);
			name = Frameworks;
			sourceTree = "<group>";
		};
		D54B584E1F4E23FB00E8ACB4 /* Core */ = {
			isa = PBXGroup;
			children = (
				D54B584F1F4E23FB00E8ACB4 /* Body.swift */,
				D54B58501F4E23FB00E8ACB4 /* Resource.swift */,
				D54B58511F4E23FB00E8ACB4 /* URLRequest+Body.swift */,
				D54B58521F4E23FB00E8ACB4 /* URLSession+Body.swift */,
			);
			path = Core;
			sourceTree = "<group>";
		};
		D54B588A1F4E36CD00E8ACB4 /* RxSwift */ = {
			isa = PBXGroup;
			children = (
				D54B588B1F4E36CD00E8ACB4 /* RxBackgroundTask.swift */,
				D54B588C1F4E36CD00E8ACB4 /* URLSession+Body+Rx.swift */,
			);
			path = RxSwift;
			sourceTree = "<group>";
		};
		D54B588D1F4E397200E8ACB4 /* Mock */ = {
			isa = PBXGroup;
			children = (
				D5BDCC661F4E3FDB00653CD4 /* blank.pdf */,
				D5BDCC651F4E3FDB00653CD4 /* kittenjpg.jpg */,
				D5BDCC641F4E3FDB00653CD4 /* kittenpng.png */,
				D5BDCC701F4E456600653CD4 /* MockData.swift */,
				D58934041F4FA11E005937DC /* mock.json */,
				D58934061F4FA187005937DC /* RemoteMock.swift */,
			);
			path = Mock;
			sourceTree = "<group>";
		};
		D551F76D1F4E0B5400558961 = {
			isa = PBXGroup;
			children = (
				D551F7791F4E0B5400558961 /* SwiftyNetwork */,
				D551F7841F4E0B5400558961 /* SwiftyNetworkTests */,
				D551F7781F4E0B5400558961 /* Products */,
				263486CC6AB1FDB607951B14 /* Pods */,
				CBCC18825BD0F1F61ED08AAB /* Frameworks */,
			);
			sourceTree = "<group>";
		};
		D551F7781F4E0B5400558961 /* Products */ = {
			isa = PBXGroup;
			children = (
				D551F7771F4E0B5400558961 /* SwiftyNetwork.framework */,
				D551F7801F4E0B5400558961 /* SwiftyNetworkTests.xctest */,
			);
			name = Products;
			sourceTree = "<group>";
		};
		D551F7791F4E0B5400558961 /* SwiftyNetwork */ = {
			isa = PBXGroup;
			children = (
				D551F7911F4E0B8500558961 /* Classes */,
				D551F77A1F4E0B5400558961 /* SwiftyNetwork.h */,
				D54B585C1F4E2FD300E8ACB4 /* SwiftyNetwork.podspec */,
				D551F77B1F4E0B5400558961 /* Info.plist */,
			);
			path = SwiftyNetwork;
			sourceTree = "<group>";
		};
		D551F7841F4E0B5400558961 /* SwiftyNetworkTests */ = {
			isa = PBXGroup;
			children = (
				D54B588D1F4E397200E8ACB4 /* Mock */,
				D551F7851F4E0B5400558961 /* BodySpecs.swift */,
				D5BDCC6A1F4E427100653CD4 /* ResourceSpecs.swift */,
				D5BDCC6E1F4E44DB00653CD4 /* URLRequestSpecs.swift */,
				D54857861F4FA22500CB25EB /* URLSessionSpecs.swift */,
				D551F7871F4E0B5400558961 /* Info.plist */,
			);
			path = SwiftyNetworkTests;
			sourceTree = "<group>";
		};
		D551F7911F4E0B8500558961 /* Classes */ = {
			isa = PBXGroup;
			children = (
				D54B584E1F4E23FB00E8ACB4 /* Core */,
				D54B588A1F4E36CD00E8ACB4 /* RxSwift */,
			);
			path = Classes;
			sourceTree = "<group>";
		};
/* End PBXGroup section */

/* Begin PBXHeadersBuildPhase section */
		D551F7741F4E0B5400558961 /* Headers */ = {
			isa = PBXHeadersBuildPhase;
			buildActionMask = 2147483647;
			files = (
				D551F7881F4E0B5400558961 /* SwiftyNetwork.h in Headers */,
			);
			runOnlyForDeploymentPostprocessing = 0;
		};
/* End PBXHeadersBuildPhase section */

/* Begin PBXNativeTarget section */
		D551F7761F4E0B5400558961 /* SwiftyNetwork */ = {
			isa = PBXNativeTarget;
			buildConfigurationList = D551F78B1F4E0B5400558961 /* Build configuration list for PBXNativeTarget "SwiftyNetwork" */;
			buildPhases = (
				93B6B1223B2CB4280C37AD38 /* [CP] Check Pods Manifest.lock */,
				D551F7721F4E0B5400558961 /* Sources */,
				D551F7731F4E0B5400558961 /* Frameworks */,
				D551F7741F4E0B5400558961 /* Headers */,
				D551F7751F4E0B5400558961 /* Resources */,
				C77B1514901F3790EEC2A8E7 /* [CP] Copy Pods Resources */,
			);
			buildRules = (
			);
			dependencies = (
			);
			name = SwiftyNetwork;
			productName = SwiftyNetwork;
			productReference = D551F7771F4E0B5400558961 /* SwiftyNetwork.framework */;
			productType = "com.apple.product-type.framework";
		};
		D551F77F1F4E0B5400558961 /* SwiftyNetworkTests */ = {
			isa = PBXNativeTarget;
			buildConfigurationList = D551F78E1F4E0B5400558961 /* Build configuration list for PBXNativeTarget "SwiftyNetworkTests" */;
			buildPhases = (
				567350054279673497F34431 /* [CP] Check Pods Manifest.lock */,
				D551F77C1F4E0B5400558961 /* Sources */,
				D551F77D1F4E0B5400558961 /* Frameworks */,
				D551F77E1F4E0B5400558961 /* Resources */,
				147C55C9006BEB619B3252EB /* [CP] Embed Pods Frameworks */,
				2D9FDD8FD1B3C454F17F3D93 /* [CP] Copy Pods Resources */,
			);
			buildRules = (
			);
			dependencies = (
				D551F7831F4E0B5400558961 /* PBXTargetDependency */,
			);
			name = SwiftyNetworkTests;
			productName = SwiftyNetworkTests;
			productReference = D551F7801F4E0B5400558961 /* SwiftyNetworkTests.xctest */;
			productType = "com.apple.product-type.bundle.unit-test";
		};
/* End PBXNativeTarget section */

/* Begin PBXProject section */
		D551F76E1F4E0B5400558961 /* Project object */ = {
			isa = PBXProject;
			attributes = {
				LastSwiftUpdateCheck = 0900;
				LastUpgradeCheck = 0900;
				ORGANIZATIONNAME = "Gabriele Trabucco";
				TargetAttributes = {
					D551F7761F4E0B5400558961 = {
						CreatedOnToolsVersion = 9.0;
						LastSwiftMigration = 0900;
					};
					D551F77F1F4E0B5400558961 = {
						CreatedOnToolsVersion = 9.0;
					};
				};
			};
			buildConfigurationList = D551F7711F4E0B5400558961 /* Build configuration list for PBXProject "SwiftyNetwork" */;
			compatibilityVersion = "Xcode 8.0";
			developmentRegion = en;
			hasScannedForEncodings = 0;
			knownRegions = (
				en,
			);
			mainGroup = D551F76D1F4E0B5400558961;
			productRefGroup = D551F7781F4E0B5400558961 /* Products */;
			projectDirPath = "";
			projectRoot = "";
			targets = (
				D551F7761F4E0B5400558961 /* SwiftyNetwork */,
				D551F77F1F4E0B5400558961 /* SwiftyNetworkTests */,
			);
		};
/* End PBXProject section */

/* Begin PBXResourcesBuildPhase section */
		D551F7751F4E0B5400558961 /* Resources */ = {
			isa = PBXResourcesBuildPhase;
			buildActionMask = 2147483647;
			files = (
			);
			runOnlyForDeploymentPostprocessing = 0;
		};
		D551F77E1F4E0B5400558961 /* Resources */ = {
			isa = PBXResourcesBuildPhase;
			buildActionMask = 2147483647;
			files = (
				D5BDCC681F4E413C00653CD4 /* kittenjpg.jpg in Resources */,
				D5BDCC671F4E413C00653CD4 /* blank.pdf in Resources */,
				D5BDCC691F4E413C00653CD4 /* kittenpng.png in Resources */,
				D58934051F4FA11E005937DC /* mock.json in Resources */,
			);
			runOnlyForDeploymentPostprocessing = 0;
		};
/* End PBXResourcesBuildPhase section */

/* Begin PBXShellScriptBuildPhase section */
		147C55C9006BEB619B3252EB /* [CP] Embed Pods Frameworks */ = {
			isa = PBXShellScriptBuildPhase;
			buildActionMask = 2147483647;
			files = (
			);
			inputPaths = (
			);
			name = "[CP] Embed Pods Frameworks";
			outputPaths = (
			);
			runOnlyForDeploymentPostprocessing = 0;
			shellPath = /bin/sh;
			shellScript = "\"${SRCROOT}/Pods/Target Support Files/Pods-SwiftyNetworkTests/Pods-SwiftyNetworkTests-frameworks.sh\"\n";
			showEnvVarsInLog = 0;
		};
		2D9FDD8FD1B3C454F17F3D93 /* [CP] Copy Pods Resources */ = {
			isa = PBXShellScriptBuildPhase;
			buildActionMask = 2147483647;
			files = (
			);
			inputPaths = (
			);
			name = "[CP] Copy Pods Resources";
			outputPaths = (
			);
			runOnlyForDeploymentPostprocessing = 0;
			shellPath = /bin/sh;
			shellScript = "\"${SRCROOT}/Pods/Target Support Files/Pods-SwiftyNetworkTests/Pods-SwiftyNetworkTests-resources.sh\"\n";
			showEnvVarsInLog = 0;
		};
		567350054279673497F34431 /* [CP] Check Pods Manifest.lock */ = {
			isa = PBXShellScriptBuildPhase;
			buildActionMask = 2147483647;
			files = (
			);
			inputPaths = (
			);
			name = "[CP] Check Pods Manifest.lock";
			outputPaths = (
			);
			runOnlyForDeploymentPostprocessing = 0;
			shellPath = /bin/sh;
			shellScript = "diff \"${PODS_PODFILE_DIR_PATH}/Podfile.lock\" \"${PODS_ROOT}/Manifest.lock\" > /dev/null\nif [ $? != 0 ] ; then\n    # print error to STDERR\n    echo \"error: The sandbox is not in sync with the Podfile.lock. Run 'pod install' or update your CocoaPods installation.\" >&2\n    exit 1\nfi\n";
			showEnvVarsInLog = 0;
		};
		93B6B1223B2CB4280C37AD38 /* [CP] Check Pods Manifest.lock */ = {
			isa = PBXShellScriptBuildPhase;
			buildActionMask = 2147483647;
			files = (
			);
			inputPaths = (
			);
			name = "[CP] Check Pods Manifest.lock";
			outputPaths = (
			);
			runOnlyForDeploymentPostprocessing = 0;
			shellPath = /bin/sh;
			shellScript = "diff \"${PODS_PODFILE_DIR_PATH}/Podfile.lock\" \"${PODS_ROOT}/Manifest.lock\" > /dev/null\nif [ $? != 0 ] ; then\n    # print error to STDERR\n    echo \"error: The sandbox is not in sync with the Podfile.lock. Run 'pod install' or update your CocoaPods installation.\" >&2\n    exit 1\nfi\n";
			showEnvVarsInLog = 0;
		};
		C77B1514901F3790EEC2A8E7 /* [CP] Copy Pods Resources */ = {
			isa = PBXShellScriptBuildPhase;
			buildActionMask = 2147483647;
			files = (
			);
			inputPaths = (
			);
			name = "[CP] Copy Pods Resources";
			outputPaths = (
			);
			runOnlyForDeploymentPostprocessing = 0;
			shellPath = /bin/sh;
			shellScript = "\"${SRCROOT}/Pods/Target Support Files/Pods-SwiftyNetwork/Pods-SwiftyNetwork-resources.sh\"\n";
			showEnvVarsInLog = 0;
		};
/* End PBXShellScriptBuildPhase section */

/* Begin PBXSourcesBuildPhase section */
		D551F7721F4E0B5400558961 /* Sources */ = {
			isa = PBXSourcesBuildPhase;
			buildActionMask = 2147483647;
			files = (
				D5E254AA1F517E7D007CE371 /* URLSession+Body+Rx.swift in Sources */,
				D5E254A91F517E7D007CE371 /* RxBackgroundTask.swift in Sources */,
				D54B58561F4E244B00E8ACB4 /* URLSession+Body.swift in Sources */,
				D54B58551F4E244B00E8ACB4 /* URLRequest+Body.swift in Sources */,
				D54B58531F4E244400E8ACB4 /* Resource.swift in Sources */,
				D54B58541F4E244B00E8ACB4 /* Body.swift in Sources */,
			);
			runOnlyForDeploymentPostprocessing = 0;
		};
		D551F77C1F4E0B5400558961 /* Sources */ = {
			isa = PBXSourcesBuildPhase;
			buildActionMask = 2147483647;
			files = (
				D5BDCC6B1F4E427100653CD4 /* ResourceSpecs.swift in Sources */,
				D54857871F4FA22500CB25EB /* URLSessionSpecs.swift in Sources */,
				D5BDCC711F4E456600653CD4 /* MockData.swift in Sources */,
				D58934071F4FA187005937DC /* RemoteMock.swift in Sources */,
				D5BDCC6F1F4E44DB00653CD4 /* URLRequestSpecs.swift in Sources */,
				D551F7861F4E0B5400558961 /* BodySpecs.swift in Sources */,
			);
			runOnlyForDeploymentPostprocessing = 0;
		};
/* End PBXSourcesBuildPhase section */

/* Begin PBXTargetDependency section */
		D551F7831F4E0B5400558961 /* PBXTargetDependency */ = {
			isa = PBXTargetDependency;
			target = D551F7761F4E0B5400558961 /* SwiftyNetwork */;
			targetProxy = D551F7821F4E0B5400558961 /* PBXContainerItemProxy */;
		};
/* End PBXTargetDependency section */

/* Begin XCBuildConfiguration section */
		D551F7891F4E0B5400558961 /* Debug */ = {
			isa = XCBuildConfiguration;
			buildSettings = {
				ALWAYS_SEARCH_USER_PATHS = NO;
				CLANG_ANALYZER_NONNULL = YES;
				CLANG_ANALYZER_NUMBER_OBJECT_CONVERSION = YES_AGGRESSIVE;
				CLANG_CXX_LANGUAGE_STANDARD = "gnu++14";
				CLANG_CXX_LIBRARY = "libc++";
				CLANG_ENABLE_MODULES = YES;
				CLANG_ENABLE_OBJC_ARC = YES;
				CLANG_WARN_BLOCK_CAPTURE_AUTORELEASING = YES;
				CLANG_WARN_BOOL_CONVERSION = YES;
				CLANG_WARN_COMMA = YES;
				CLANG_WARN_CONSTANT_CONVERSION = YES;
				CLANG_WARN_DIRECT_OBJC_ISA_USAGE = YES_ERROR;
				CLANG_WARN_DOCUMENTATION_COMMENTS = YES;
				CLANG_WARN_EMPTY_BODY = YES;
				CLANG_WARN_ENUM_CONVERSION = YES;
				CLANG_WARN_INFINITE_RECURSION = YES;
				CLANG_WARN_INT_CONVERSION = YES;
				CLANG_WARN_NON_LITERAL_NULL_CONVERSION = YES;
				CLANG_WARN_OBJC_LITERAL_CONVERSION = YES;
				CLANG_WARN_OBJC_ROOT_CLASS = YES_ERROR;
				CLANG_WARN_RANGE_LOOP_ANALYSIS = YES;
				CLANG_WARN_STRICT_PROTOTYPES = YES;
				CLANG_WARN_SUSPICIOUS_MOVE = YES;
				CLANG_WARN_UNGUARDED_AVAILABILITY = YES_AGGRESSIVE;
				CLANG_WARN_UNREACHABLE_CODE = YES;
				CLANG_WARN__DUPLICATE_METHOD_MATCH = YES;
				CODE_SIGN_IDENTITY = "iPhone Developer";
				COPY_PHASE_STRIP = NO;
				CURRENT_PROJECT_VERSION = 1;
				DEBUG_INFORMATION_FORMAT = dwarf;
				ENABLE_STRICT_OBJC_MSGSEND = YES;
				ENABLE_TESTABILITY = YES;
				GCC_C_LANGUAGE_STANDARD = gnu11;
				GCC_DYNAMIC_NO_PIC = NO;
				GCC_NO_COMMON_BLOCKS = YES;
				GCC_OPTIMIZATION_LEVEL = 0;
				GCC_PREPROCESSOR_DEFINITIONS = (
					"DEBUG=1",
					"$(inherited)",
				);
				GCC_WARN_64_TO_32_BIT_CONVERSION = YES;
				GCC_WARN_ABOUT_RETURN_TYPE = YES_ERROR;
				GCC_WARN_UNDECLARED_SELECTOR = YES;
				GCC_WARN_UNINITIALIZED_AUTOS = YES_AGGRESSIVE;
				GCC_WARN_UNUSED_FUNCTION = YES;
				GCC_WARN_UNUSED_VARIABLE = YES;
				IPHONEOS_DEPLOYMENT_TARGET = 8.0;
				MTL_ENABLE_DEBUG_INFO = YES;
				ONLY_ACTIVE_ARCH = YES;
				SDKROOT = iphoneos;
				SWIFT_ACTIVE_COMPILATION_CONDITIONS = DEBUG;
				SWIFT_OPTIMIZATION_LEVEL = "-Onone";
				VERSIONING_SYSTEM = "apple-generic";
				VERSION_INFO_PREFIX = "";
			};
			name = Debug;
		};
		D551F78A1F4E0B5400558961 /* Release */ = {
			isa = XCBuildConfiguration;
			buildSettings = {
				ALWAYS_SEARCH_USER_PATHS = NO;
				CLANG_ANALYZER_NONNULL = YES;
				CLANG_ANALYZER_NUMBER_OBJECT_CONVERSION = YES_AGGRESSIVE;
				CLANG_CXX_LANGUAGE_STANDARD = "gnu++14";
				CLANG_CXX_LIBRARY = "libc++";
				CLANG_ENABLE_MODULES = YES;
				CLANG_ENABLE_OBJC_ARC = YES;
				CLANG_WARN_BLOCK_CAPTURE_AUTORELEASING = YES;
				CLANG_WARN_BOOL_CONVERSION = YES;
				CLANG_WARN_COMMA = YES;
				CLANG_WARN_CONSTANT_CONVERSION = YES;
				CLANG_WARN_DIRECT_OBJC_ISA_USAGE = YES_ERROR;
				CLANG_WARN_DOCUMENTATION_COMMENTS = YES;
				CLANG_WARN_EMPTY_BODY = YES;
				CLANG_WARN_ENUM_CONVERSION = YES;
				CLANG_WARN_INFINITE_RECURSION = YES;
				CLANG_WARN_INT_CONVERSION = YES;
				CLANG_WARN_NON_LITERAL_NULL_CONVERSION = YES;
				CLANG_WARN_OBJC_LITERAL_CONVERSION = YES;
				CLANG_WARN_OBJC_ROOT_CLASS = YES_ERROR;
				CLANG_WARN_RANGE_LOOP_ANALYSIS = YES;
				CLANG_WARN_STRICT_PROTOTYPES = YES;
				CLANG_WARN_SUSPICIOUS_MOVE = YES;
				CLANG_WARN_UNGUARDED_AVAILABILITY = YES_AGGRESSIVE;
				CLANG_WARN_UNREACHABLE_CODE = YES;
				CLANG_WARN__DUPLICATE_METHOD_MATCH = YES;
				CODE_SIGN_IDENTITY = "iPhone Developer";
				COPY_PHASE_STRIP = NO;
				CURRENT_PROJECT_VERSION = 1;
				DEBUG_INFORMATION_FORMAT = "dwarf-with-dsym";
				ENABLE_NS_ASSERTIONS = NO;
				ENABLE_STRICT_OBJC_MSGSEND = YES;
				GCC_C_LANGUAGE_STANDARD = gnu11;
				GCC_NO_COMMON_BLOCKS = YES;
				GCC_WARN_64_TO_32_BIT_CONVERSION = YES;
				GCC_WARN_ABOUT_RETURN_TYPE = YES_ERROR;
				GCC_WARN_UNDECLARED_SELECTOR = YES;
				GCC_WARN_UNINITIALIZED_AUTOS = YES_AGGRESSIVE;
				GCC_WARN_UNUSED_FUNCTION = YES;
				GCC_WARN_UNUSED_VARIABLE = YES;
				IPHONEOS_DEPLOYMENT_TARGET = 8.0;
				MTL_ENABLE_DEBUG_INFO = NO;
				SDKROOT = iphoneos;
				SWIFT_OPTIMIZATION_LEVEL = "-Owholemodule";
				VALIDATE_PRODUCT = YES;
				VERSIONING_SYSTEM = "apple-generic";
				VERSION_INFO_PREFIX = "";
			};
			name = Release;
		};
		D551F78C1F4E0B5400558961 /* Debug */ = {
			isa = XCBuildConfiguration;
			baseConfigurationReference = 142E7DEBC5FBDEFF8B72338E /* Pods-SwiftyNetwork.debug.xcconfig */;
			buildSettings = {
				CLANG_ENABLE_MODULES = YES;
				CODE_SIGN_IDENTITY = "";
				DEFINES_MODULE = YES;
				DYLIB_COMPATIBILITY_VERSION = 1;
				DYLIB_CURRENT_VERSION = 1;
				DYLIB_INSTALL_NAME_BASE = "@rpath";
				INFOPLIST_FILE = SwiftyNetwork/Info.plist;
				INSTALL_PATH = "$(LOCAL_LIBRARY_DIR)/Frameworks";
				LD_RUNPATH_SEARCH_PATHS = "$(inherited) @executable_path/Frameworks @loader_path/Frameworks";
				PRODUCT_BUNDLE_IDENTIFIER = it.gtrabucco.SwiftyNetwork;
				PRODUCT_NAME = "$(TARGET_NAME:c99extidentifier)";
				SKIP_INSTALL = YES;
				SWIFT_OPTIMIZATION_LEVEL = "-Onone";
				SWIFT_VERSION = 4.0;
				TARGETED_DEVICE_FAMILY = "1,2";
			};
			name = Debug;
		};
		D551F78D1F4E0B5400558961 /* Release */ = {
			isa = XCBuildConfiguration;
			baseConfigurationReference = F02DED685805DFF499B0EB64 /* Pods-SwiftyNetwork.release.xcconfig */;
			buildSettings = {
				CLANG_ENABLE_MODULES = YES;
				CODE_SIGN_IDENTITY = "";
				DEFINES_MODULE = YES;
				DYLIB_COMPATIBILITY_VERSION = 1;
				DYLIB_CURRENT_VERSION = 1;
				DYLIB_INSTALL_NAME_BASE = "@rpath";
				INFOPLIST_FILE = SwiftyNetwork/Info.plist;
				INSTALL_PATH = "$(LOCAL_LIBRARY_DIR)/Frameworks";
				LD_RUNPATH_SEARCH_PATHS = "$(inherited) @executable_path/Frameworks @loader_path/Frameworks";
				PRODUCT_BUNDLE_IDENTIFIER = it.gtrabucco.SwiftyNetwork;
				PRODUCT_NAME = "$(TARGET_NAME:c99extidentifier)";
				SKIP_INSTALL = YES;
				SWIFT_VERSION = 4.0;
				TARGETED_DEVICE_FAMILY = "1,2";
			};
			name = Release;
		};
		D551F78F1F4E0B5400558961 /* Debug */ = {
			isa = XCBuildConfiguration;
			baseConfigurationReference = 20B4A5209A7EBC325337F3AB /* Pods-SwiftyNetworkTests.debug.xcconfig */;
			buildSettings = {
				INFOPLIST_FILE = SwiftyNetworkTests/Info.plist;
				LD_RUNPATH_SEARCH_PATHS = "$(inherited) @executable_path/Frameworks @loader_path/Frameworks";
				PRODUCT_BUNDLE_IDENTIFIER = it.gtrabucco.SwiftyNetworkTests;
				PRODUCT_NAME = "$(TARGET_NAME)";
				SWIFT_VERSION = 4.0;
				TARGETED_DEVICE_FAMILY = "1,2";
			};
			name = Debug;
		};
		D551F7901F4E0B5400558961 /* Release */ = {
			isa = XCBuildConfiguration;
			baseConfigurationReference = 812B40059974054D477E4E53 /* Pods-SwiftyNetworkTests.release.xcconfig */;
			buildSettings = {
				INFOPLIST_FILE = SwiftyNetworkTests/Info.plist;
				LD_RUNPATH_SEARCH_PATHS = "$(inherited) @executable_path/Frameworks @loader_path/Frameworks";
				PRODUCT_BUNDLE_IDENTIFIER = it.gtrabucco.SwiftyNetworkTests;
				PRODUCT_NAME = "$(TARGET_NAME)";
				SWIFT_VERSION = 4.0;
				TARGETED_DEVICE_FAMILY = "1,2";
			};
			name = Release;
		};
/* End XCBuildConfiguration section */

/* Begin XCConfigurationList section */
		D551F7711F4E0B5400558961 /* Build configuration list for PBXProject "SwiftyNetwork" */ = {
			isa = XCConfigurationList;
			buildConfigurations = (
				D551F7891F4E0B5400558961 /* Debug */,
				D551F78A1F4E0B5400558961 /* Release */,
			);
			defaultConfigurationIsVisible = 0;
			defaultConfigurationName = Release;
		};
		D551F78B1F4E0B5400558961 /* Build configuration list for PBXNativeTarget "SwiftyNetwork" */ = {
			isa = XCConfigurationList;
			buildConfigurations = (
				D551F78C1F4E0B5400558961 /* Debug */,
				D551F78D1F4E0B5400558961 /* Release */,
			);
			defaultConfigurationIsVisible = 0;
			defaultConfigurationName = Release;
		};
		D551F78E1F4E0B5400558961 /* Build configuration list for PBXNativeTarget "SwiftyNetworkTests" */ = {
			isa = XCConfigurationList;
			buildConfigurations = (
				D551F78F1F4E0B5400558961 /* Debug */,
				D551F7901F4E0B5400558961 /* Release */,
			);
			defaultConfigurationIsVisible = 0;
			defaultConfigurationName = Release;
		};
/* End XCConfigurationList section */
	};
	rootObject = D551F76E1F4E0B5400558961 /* Project object */;
}
